
Microsoft Visual Studio Solution File, Format Version 12.00
# Visual Studio 15
VisualStudioVersion = 15.0.27130.2010
MinimumVisualStudioVersion = 10.0.40219.1
Project("{9A19103F-16F7-4668-BE54-9A1E7A4F7556}") = "NethereumBlockchainExample", "NethereumBlockchainExample\NethereumBlockchainExample.csproj", "{9323DCA0-8554-4128-ABE8-2C866A647F75}"
EndProject
Project("{FAE04EC0-301F-11D3-BF4B-00C04F79EFBC}") = "EthereumWebSample", "EthereumWebSample\EthereumWebSample.csproj", "{6D573CF0-6277-4640-BC40-D5D8E601D478}"
EndProject
Global
	GlobalSection(SolutionConfigurationPlatforms) = preSolution
		Debug|Any CPU = Debug|Any CPU
		Release|Any CPU = Release|Any CPU
	EndGlobalSection
	GlobalSection(ProjectConfigurationPlatforms) = postSolution
		{9323DCA0-8554-4128-ABE8-2C866A647F75}.Debug|Any CPU.ActiveCfg = Debug|Any CPU
		{9323DCA0-8554-4128-ABE8-2C866A647F75}.Debug|Any CPU.Build.0 = Debug|Any CPU
		{9323DCA0-8554-4128-ABE8-2C866A647F75}.Release|Any CPU.ActiveCfg = Release|Any CPU
		{9323DCA0-8554-4128-ABE8-2C866A647F75}.Release|Any CPU.Build.0 = Release|Any CPU
		{6D573CF0-6277-4640-BC40-D5D8E601D478}.Debug|Any CPU.ActiveCfg = Debug|Any CPU
		{6D573CF0-6277-4640-BC40-D5D8E601D478}.Debug|Any CPU.Build.0 = Debug|Any CPU
		{6D573CF0-6277-4640-BC40-D5D8E601D478}.Release|Any CPU.ActiveCfg = Release|Any CPU
		{6D573CF0-6277-4640-BC40-D5D8E601D478}.Release|Any CPU.Build.0 = Release|Any CPU
	EndGlobalSection
	GlobalSection(SolutionProperties) = preSolution
		HideSolutionNode = FALSE
	EndGlobalSection
	GlobalSection(ExtensibilityGlobals) = postSolution
		SolutionGuid = {064DC7B4-7550-45E7-B641-6A326CC4D526}
	EndGlobalSection
EndGlobal
