
Microsoft Visual Studio Solution File, Format Version 12.00
# Visual Studio 15
VisualStudioVersion = 15.0.26730.15
MinimumVisualStudioVersion = 10.0.40219.1
Project("{9A19103F-16F7-4668-BE54-9A1E7A4F7556}") = "MajesticPortal", "MajesticBouwblok\MajesticPortal.csproj", "{5637529A-BA48-4CC6-B917-FB0D4EF028AE}"
EndProject
Project("{FAE04EC0-301F-11D3-BF4B-00C04F79EFBC}") = "MajesticReduxPortal", "MajesticReduxPortal\MajesticReduxPortal.csproj", "{EB0651CF-D8C6-4094-B8F3-2328C40DC93F}"
EndProject
Global
	GlobalSection(SolutionConfigurationPlatforms) = preSolution
		Debug|Any CPU = Debug|Any CPU
		Release|Any CPU = Release|Any CPU
	EndGlobalSection
	GlobalSection(ProjectConfigurationPlatforms) = postSolution
		{5637529A-BA48-4CC6-B917-FB0D4EF028AE}.Debug|Any CPU.ActiveCfg = Debug|Any CPU
		{5637529A-BA48-4CC6-B917-FB0D4EF028AE}.Debug|Any CPU.Build.0 = Debug|Any CPU
		{5637529A-BA48-4CC6-B917-FB0D4EF028AE}.Release|Any CPU.ActiveCfg = Release|Any CPU
		{5637529A-BA48-4CC6-B917-FB0D4EF028AE}.Release|Any CPU.Build.0 = Release|Any CPU
		{EB0651CF-D8C6-4094-B8F3-2328C40DC93F}.Debug|Any CPU.ActiveCfg = Debug|Any CPU
		{EB0651CF-D8C6-4094-B8F3-2328C40DC93F}.Debug|Any CPU.Build.0 = Debug|Any CPU
		{EB0651CF-D8C6-4094-B8F3-2328C40DC93F}.Release|Any CPU.ActiveCfg = Release|Any CPU
		{EB0651CF-D8C6-4094-B8F3-2328C40DC93F}.Release|Any CPU.Build.0 = Release|Any CPU
	EndGlobalSection
	GlobalSection(SolutionProperties) = preSolution
		HideSolutionNode = FALSE
	EndGlobalSection
	GlobalSection(ExtensibilityGlobals) = postSolution
		SolutionGuid = {667BEFE5-D2A3-419D-AE54-3B2FC760D4C8}
	EndGlobalSection
EndGlobal
